
Microsoft Visual Studio Solution File, Format Version 12.00
# Visual Studio Version 16
VisualStudioVersion = 16.0.30114.105
MinimumVisualStudioVersion = 10.0.40219.1
Project("{9A19103F-16F7-4668-BE54-9A1E7A4F7556}") = "FIT3077.Server", "Server\FIT3077.Server.csproj", "{CD454494-26C3-4717-AAA7-CFAA1A01F0F6}"
EndProject
Project("{9A19103F-16F7-4668-BE54-9A1E7A4F7556}") = "FIT3077.Client", "Client\FIT3077.Client.csproj", "{C1C5B4A1-F5BA-44A9-9307-7992D38FFBBE}"
EndProject
Project("{9A19103F-16F7-4668-BE54-9A1E7A4F7556}") = "FIT3077.Shared", "Shared\FIT3077.Shared.csproj", "{FF67F779-8AD8-4B77-AF60-64786AD7D264}"
EndProject
Global
	GlobalSection(SolutionConfigurationPlatforms) = preSolution
		Debug|Any CPU = Debug|Any CPU
		Release|Any CPU = Release|Any CPU
	EndGlobalSection
	GlobalSection(ProjectConfigurationPlatforms) = postSolution
		{CD454494-26C3-4717-AAA7-CFAA1A01F0F6}.Debug|Any CPU.ActiveCfg = Debug|Any CPU
		{CD454494-26C3-4717-AAA7-CFAA1A01F0F6}.Debug|Any CPU.Build.0 = Debug|Any CPU
		{CD454494-26C3-4717-AAA7-CFAA1A01F0F6}.Release|Any CPU.ActiveCfg = Release|Any CPU
		{CD454494-26C3-4717-AAA7-CFAA1A01F0F6}.Release|Any CPU.Build.0 = Release|Any CPU
		{C1C5B4A1-F5BA-44A9-9307-7992D38FFBBE}.Debug|Any CPU.ActiveCfg = Debug|Any CPU
		{C1C5B4A1-F5BA-44A9-9307-7992D38FFBBE}.Debug|Any CPU.Build.0 = Debug|Any CPU
		{C1C5B4A1-F5BA-44A9-9307-7992D38FFBBE}.Release|Any CPU.ActiveCfg = Release|Any CPU
		{C1C5B4A1-F5BA-44A9-9307-7992D38FFBBE}.Release|Any CPU.Build.0 = Release|Any CPU
		{FF67F779-8AD8-4B77-AF60-64786AD7D264}.Debug|Any CPU.ActiveCfg = Debug|Any CPU
		{FF67F779-8AD8-4B77-AF60-64786AD7D264}.Debug|Any CPU.Build.0 = Debug|Any CPU
		{FF67F779-8AD8-4B77-AF60-64786AD7D264}.Release|Any CPU.ActiveCfg = Release|Any CPU
		{FF67F779-8AD8-4B77-AF60-64786AD7D264}.Release|Any CPU.Build.0 = Release|Any CPU
	EndGlobalSection
	GlobalSection(SolutionProperties) = preSolution
		HideSolutionNode = FALSE
	EndGlobalSection
	GlobalSection(ExtensibilityGlobals) = postSolution
		SolutionGuid = {70340711-E77B-47E0-B606-802D2B66FC8A}
	EndGlobalSection
EndGlobal
